
Microsoft Visual Studio Solution File, Format Version 12.00
# Visual Studio Version 17
VisualStudioVersion = 17.14.36203.30
MinimumVisualStudioVersion = 10.0.40219.1
Project("{FAE04EC0-301F-11D3-BF4B-00C04F79EFBC}") = "CleanArchMvc.Domain", "CleanArchMvc.Domain\CleanArchMvc.Domain.csproj", "{4AC5AE23-0BB6-4559-ADBC-10C047E2557D}"
EndProject
Project("{FAE04EC0-301F-11D3-BF4B-00C04F79EFBC}") = "CleanArchMcv.Application", "CleanArchMcv.Application\CleanArchMcv.Application.csproj", "{2F32465B-59EA-4275-834D-6A90D04336A3}"
EndProject
Project("{FAE04EC0-301F-11D3-BF4B-00C04F79EFBC}") = "CleanArchMvc.Infra.Data", "CleanArchMvc.Infra.Data\CleanArchMvc.Infra.Data.csproj", "{9AFF6A30-D339-4E80-AF14-C00118979F1D}"
EndProject
Project("{FAE04EC0-301F-11D3-BF4B-00C04F79EFBC}") = "CleanArchMvc.Infra.ioC", "CleanArchMvc.Infra.ioC\CleanArchMvc.Infra.ioC.csproj", "{2D075D89-57D5-43E2-B4D8-30BE08EA68C7}"
EndProject
Project("{FAE04EC0-301F-11D3-BF4B-00C04F79EFBC}") = "CleanArchMvc.WebUI", "CleanArchMvc.WebUI\CleanArchMvc.WebUI.csproj", "{7F1A3C1B-6431-4925-9945-B1F949B764A6}"
EndProject
Project("{FAE04EC0-301F-11D3-BF4B-00C04F79EFBC}") = "CleanArchMvc.Domain.Tests", "CleanArchMvc.Domain.Tests\CleanArchMvc.Domain.Tests.csproj", "{3739BFB6-F79D-49B0-898E-E35F4E670A29}"
EndProject
Project("{2150E333-8FDC-42A3-9474-1A3956D46DE8}") = "Itens de Solução", "Itens de Solução", "{380A7511-A354-6D7A-0CC0-8FA1F1BA7B6C}"
	ProjectSection(SolutionItems) = preProject
		gitignore = gitignore
	EndProjectSection
EndProject
Global
	GlobalSection(SolutionConfigurationPlatforms) = preSolution
		Debug|Any CPU = Debug|Any CPU
		Release|Any CPU = Release|Any CPU
	EndGlobalSection
	GlobalSection(ProjectConfigurationPlatforms) = postSolution
		{4AC5AE23-0BB6-4559-ADBC-10C047E2557D}.Debug|Any CPU.ActiveCfg = Debug|Any CPU
		{4AC5AE23-0BB6-4559-ADBC-10C047E2557D}.Debug|Any CPU.Build.0 = Debug|Any CPU
		{4AC5AE23-0BB6-4559-ADBC-10C047E2557D}.Release|Any CPU.ActiveCfg = Release|Any CPU
		{4AC5AE23-0BB6-4559-ADBC-10C047E2557D}.Release|Any CPU.Build.0 = Release|Any CPU
		{2F32465B-59EA-4275-834D-6A90D04336A3}.Debug|Any CPU.ActiveCfg = Debug|Any CPU
		{2F32465B-59EA-4275-834D-6A90D04336A3}.Debug|Any CPU.Build.0 = Debug|Any CPU
		{2F32465B-59EA-4275-834D-6A90D04336A3}.Release|Any CPU.ActiveCfg = Release|Any CPU
		{2F32465B-59EA-4275-834D-6A90D04336A3}.Release|Any CPU.Build.0 = Release|Any CPU
		{9AFF6A30-D339-4E80-AF14-C00118979F1D}.Debug|Any CPU.ActiveCfg = Debug|Any CPU
		{9AFF6A30-D339-4E80-AF14-C00118979F1D}.Debug|Any CPU.Build.0 = Debug|Any CPU
		{9AFF6A30-D339-4E80-AF14-C00118979F1D}.Release|Any CPU.ActiveCfg = Release|Any CPU
		{9AFF6A30-D339-4E80-AF14-C00118979F1D}.Release|Any CPU.Build.0 = Release|Any CPU
		{2D075D89-57D5-43E2-B4D8-30BE08EA68C7}.Debug|Any CPU.ActiveCfg = Debug|Any CPU
		{2D075D89-57D5-43E2-B4D8-30BE08EA68C7}.Debug|Any CPU.Build.0 = Debug|Any CPU
		{2D075D89-57D5-43E2-B4D8-30BE08EA68C7}.Release|Any CPU.ActiveCfg = Release|Any CPU
		{2D075D89-57D5-43E2-B4D8-30BE08EA68C7}.Release|Any CPU.Build.0 = Release|Any CPU
		{7F1A3C1B-6431-4925-9945-B1F949B764A6}.Debug|Any CPU.ActiveCfg = Debug|Any CPU
		{7F1A3C1B-6431-4925-9945-B1F949B764A6}.Debug|Any CPU.Build.0 = Debug|Any CPU
		{7F1A3C1B-6431-4925-9945-B1F949B764A6}.Release|Any CPU.ActiveCfg = Release|Any CPU
		{7F1A3C1B-6431-4925-9945-B1F949B764A6}.Release|Any CPU.Build.0 = Release|Any CPU
		{3739BFB6-F79D-49B0-898E-E35F4E670A29}.Debug|Any CPU.ActiveCfg = Debug|Any CPU
		{3739BFB6-F79D-49B0-898E-E35F4E670A29}.Debug|Any CPU.Build.0 = Debug|Any CPU
		{3739BFB6-F79D-49B0-898E-E35F4E670A29}.Release|Any CPU.ActiveCfg = Release|Any CPU
		{3739BFB6-F79D-49B0-898E-E35F4E670A29}.Release|Any CPU.Build.0 = Release|Any CPU
	EndGlobalSection
	GlobalSection(SolutionProperties) = preSolution
		HideSolutionNode = FALSE
	EndGlobalSection
	GlobalSection(ExtensibilityGlobals) = postSolution
		SolutionGuid = {4E89EF36-11EB-4625-B8CC-5893BDD84727}
	EndGlobalSection
EndGlobal
